
Microsoft Visual Studio Solution File, Format Version 12.00
# Visual Studio Version 17
VisualStudioVersion = 17.1.32421.90
MinimumVisualStudioVersion = 10.0.40219.1
Project("{FAE04EC0-301F-11D3-BF4B-00C04F79EFBC}") = "ratel-dotnet-clinet", "ratel-dotnet-clinet.csproj", "{44B9E1B6-BACA-4311-8A7A-14C67FF75E11}"
EndProject
Global
	GlobalSection(SolutionConfigurationPlatforms) = preSolution
		Debug|Any CPU = Debug|Any CPU
		Release|Any CPU = Release|Any CPU
	EndGlobalSection
	GlobalSection(ProjectConfigurationPlatforms) = postSolution
		{44B9E1B6-BACA-4311-8A7A-14C67FF75E11}.Debug|Any CPU.ActiveCfg = Debug|Any CPU
		{44B9E1B6-BACA-4311-8A7A-14C67FF75E11}.Debug|Any CPU.Build.0 = Debug|Any CPU
		{44B9E1B6-BACA-4311-8A7A-14C67FF75E11}.Release|Any CPU.ActiveCfg = Release|Any CPU
		{44B9E1B6-BACA-4311-8A7A-14C67FF75E11}.Release|Any CPU.Build.0 = Release|Any CPU
	EndGlobalSection
	GlobalSection(SolutionProperties) = preSolution
		HideSolutionNode = FALSE
	EndGlobalSection
	GlobalSection(ExtensibilityGlobals) = postSolution
		SolutionGuid = {697F9433-400D-4572-BEB5-98050D9F2C60}
	EndGlobalSection
EndGlobal
